// !$*UTF8*$!
{
	archiveVersion = 1;
	classes = {
	};
	objectVersion = 54;
	objects = {

/* Begin PBXBuildFile section */
		08A9F4773F9D428C357018B4 /* GrappleSession.swift in Sources */ = {isa = PBXBuildFile; fileRef = C601831DDA7327BECFCEF176 /* GrappleSession.swift */; };
		101FCAA249B76AEA1C503979 /* SessionRow.swift in Sources */ = {isa = PBXBuildFile; fileRef = 509C72F5F2AA5E4261CF81E1 /* SessionRow.swift */; };
		15D3EE9F1BA9B2CEE785E00D /* GrappleR11Service.swift in Sources */ = {isa = PBXBuildFile; fileRef = 320F08974D6425D780C93FE1 /* GrappleR11Service.swift */; };
		164F9A2B60135E5244717B65 /* CommunityService.swift in Sources */ = {isa = PBXBuildFile; fileRef = BA356DE17EE50C9EBB94704C /* CommunityService.swift */; };
		1B7104ECA5126B2AB45A8208 /* RebuttalField.swift in Sources */ = {isa = PBXBuildFile; fileRef = 3EF6C78791EA675BE42BD719 /* RebuttalField.swift */; };
		1B72BF022CF35E6C61DCD758 /* GrappleApp.swift in Sources */ = {isa = PBXBuildFile; fileRef = 2634BF0C8A5C5C21E52F28A3 /* GrappleApp.swift */; };
		1C7B9932E5A4BD367F7693D1 /* HistoryViewModel.swift in Sources */ = {isa = PBXBuildFile; fileRef = 9FB01CF77AF3DBE123098698 /* HistoryViewModel.swift */; };
		1DE9A8272E86B5E9F6E15E74 /* ArgumentCard.swift in Sources */ = {isa = PBXBuildFile; fileRef = F92B13D166C24984ACC87FF3 /* ArgumentCard.swift */; };
		2301E522F18DE5A794290F92 /* GrappleViewModel.swift in Sources */ = {isa = PBXBuildFile; fileRef = 8E233C03832188F3E0D6D9F8 /* GrappleViewModel.swift */; };
		23556CEF8E4872A82294132B /* GrappleWatchApp.swift in Sources */ = {isa = PBXBuildFile; fileRef = 8FC2F6F55B4B70CAED945520 /* GrappleWatchApp.swift */; };
		23E708BDA8E1EE9923866A78 /* RetentionService.swift in Sources */ = {isa = PBXBuildFile; fileRef = 29E3CF3E60A79F4A3BD77C37 /* RetentionService.swift */; };
		2452F97489A194477D304318 /* SQLite in Frameworks */ = {isa = PBXBuildFile; productRef = 3ACE5D6D9B8C9B29F65E8482 /* SQLite */; };
		25394F727782E8A1D467DF63 /* Color+Hex.swift in Sources */ = {isa = PBXBuildFile; fileRef = B9015E654AA11D7D664CF013 /* Color+Hex.swift */; };
		26BF4EEFD51AE7CE539FF4E6 /* WatchContentView.swift in Sources */ = {isa = PBXBuildFile; fileRef = 7DCD0DC1DC56CB24C7E0ECA8 /* WatchContentView.swift */; };
		2722777C6CB92732A30693C1 /* ShareSheet.swift in Sources */ = {isa = PBXBuildFile; fileRef = 05FC93583C1E054C5079D9FD /* ShareSheet.swift */; };
		348F6B6DEA280ADFC662034A /* DatabaseService.swift in Sources */ = {isa = PBXBuildFile; fileRef = 8D5D8D40404DBA360309F5AD /* DatabaseService.swift */; };
		354D07AD6F8FCE858B580A3F /* Community.swift in Sources */ = {isa = PBXBuildFile; fileRef = F11B0C036010D66F38C51FCA /* Community.swift */; };
		38CEF9ABB2E2E4E921213BA5 /* SessionDetailView.swift in Sources */ = {isa = PBXBuildFile; fileRef = 894579C19865BB3EB4ECB570 /* SessionDetailView.swift */; };
		39B6798F57ECB0FBBBE74F1D /* Enums.swift in Sources */ = {isa = PBXBuildFile; fileRef = 759BE074C4BB3D43A43C5CC3 /* Enums.swift */; };
		39E423A13DE6F9EACD7F0943 /* AppleIntelligenceService.swift in Sources */ = {isa = PBXBuildFile; fileRef = B0B2C95F1E80992503F90DB3 /* AppleIntelligenceService.swift */; };
		3BE15ACC8E312509E26EC2BD /* GrappleViewModel.swift in Sources */ = {isa = PBXBuildFile; fileRef = 8E233C03832188F3E0D6D9F8 /* GrappleViewModel.swift */; };
		3E31881DF3212C8EBED07A86 /* Platform.swift in Sources */ = {isa = PBXBuildFile; fileRef = FB6EA925B9F27CE7A4416BA9 /* Platform.swift */; };
		4942E69F6EA08ECE8E6A81A9 /* Assets.xcassets in Resources */ = {isa = PBXBuildFile; fileRef = 7114BD17FBC5337742438C68 /* Assets.xcassets */; };
		4972F3147CFC941074A61326 /* AppleIntelligenceService.swift in Sources */ = {isa = PBXBuildFile; fileRef = B0B2C95F1E80992503F90DB3 /* AppleIntelligenceService.swift */; };
		4A707F7A8756F0CC0744CE99 /* CitationView.swift in Sources */ = {isa = PBXBuildFile; fileRef = 2EF22529E6B68E95E697DCD7 /* CitationView.swift */; };
		4C5AFB5F26CB244D4FAD33E7 /* Enums.swift in Sources */ = {isa = PBXBuildFile; fileRef = 759BE074C4BB3D43A43C5CC3 /* Enums.swift */; };
		526ABB8168668140752E0D12 /* CommunityViewModel.swift in Sources */ = {isa = PBXBuildFile; fileRef = DA710AAA39E0B772F0E0EDF5 /* CommunityViewModel.swift */; };
		54DCB49432C37CF0448C8F1D /* MacGrappleFlowView.swift in Sources */ = {isa = PBXBuildFile; fileRef = 1520879FFF5BF4D1B2768DA3 /* MacGrappleFlowView.swift */; };
		5F8BA30144DEBC0237AECD67 /* SQLite in Frameworks */ = {isa = PBXBuildFile; productRef = 150605141C5788D0F8E186C6 /* SQLite */; };
		60994186E9287EBAAE054C5E /* GrappleTierManager.swift in Sources */ = {isa = PBXBuildFile; fileRef = 069D6DAEDD67BA0D3B430877 /* GrappleTierManager.swift */; };
		699688CEE1B8A5F7905790DE /* Platform.swift in Sources */ = {isa = PBXBuildFile; fileRef = FB6EA925B9F27CE7A4416BA9 /* Platform.swift */; };
		6F950102BDA5EE20AAD6726E /* SpatialDebateStageView.swift in Sources */ = {isa = PBXBuildFile; fileRef = 66849D0812E8D98F782F9502 /* SpatialDebateStageView.swift */; };
		72D6B628C541AE29229BF8DC /* CounterArgument.swift in Sources */ = {isa = PBXBuildFile; fileRef = 693599075CD4F53DE8502E72 /* CounterArgument.swift */; };
		7AE33235480E78AF59C90E59 /* TopicBadge.swift in Sources */ = {isa = PBXBuildFile; fileRef = 7E9835B19D0816957EA59528 /* TopicBadge.swift */; };
		81277AA3E41854B449E7FF94 /* MacContentView.swift in Sources */ = {isa = PBXBuildFile; fileRef = DD9C4382D93012C73C51A32E /* MacContentView.swift */; };
		839F54FD9A48549081169E88 /* LoadingView.swift in Sources */ = {isa = PBXBuildFile; fileRef = 6B62955A26772934398CF617 /* LoadingView.swift */; };
		84B02702410F87F8E372330F /* RealTimeFactCheckView.swift in Sources */ = {isa = PBXBuildFile; fileRef = 85428CDB159F89DC8E8AD7CE /* RealTimeFactCheckView.swift */; };
		894EA3BAF09926611D6D831F /* HistoryViewModel.swift in Sources */ = {isa = PBXBuildFile; fileRef = 9FB01CF77AF3DBE123098698 /* HistoryViewModel.swift */; };
		8FBFFD630BD2847D0DC74BFE /* GrappleTierManager.swift in Sources */ = {isa = PBXBuildFile; fileRef = 069D6DAEDD67BA0D3B430877 /* GrappleTierManager.swift */; };
		9016A9690972298E19489D5D /* InputView.swift in Sources */ = {isa = PBXBuildFile; fileRef = 044336F06045B5FA4BCEA442 /* InputView.swift */; };
		931C59AF78388A3A0AAEEFA1 /* CounterArgument.swift in Sources */ = {isa = PBXBuildFile; fileRef = 693599075CD4F53DE8502E72 /* CounterArgument.swift */; };
		9697D5803FC3A2FCCDC80401 /* Rebuttal.swift in Sources */ = {isa = PBXBuildFile; fileRef = 3D79F9BD42D43322E2846540 /* Rebuttal.swift */; };
		9700AF86E8E650373B998DBD /* GrappleView.swift in Sources */ = {isa = PBXBuildFile; fileRef = 199C1529B6C5B2251E101E83 /* GrappleView.swift */; };
		9E825312970DFD8F7A2B0357 /* CommunityViewModel.swift in Sources */ = {isa = PBXBuildFile; fileRef = DA710AAA39E0B772F0E0EDF5 /* CommunityViewModel.swift */; };
		9F0A6A41366D8FD3B3BA22A0 /* Community.swift in Sources */ = {isa = PBXBuildFile; fileRef = F11B0C036010D66F38C51FCA /* Community.swift */; };
		A2B6AAABD3B219ADF1D93395 /* Citation.swift in Sources */ = {isa = PBXBuildFile; fileRef = DABF4519EE8B361021804E64 /* Citation.swift */; };
		A2EF197A06D1E07D05E1961D /* SessionListView.swift in Sources */ = {isa = PBXBuildFile; fileRef = C578835B6A63C6933DC9665F /* SessionListView.swift */; };
		A908AFCED1A8CE0FE0450E64 /* DatabaseService.swift in Sources */ = {isa = PBXBuildFile; fileRef = 8D5D8D40404DBA360309F5AD /* DatabaseService.swift */; };
		AA14330A705B8D0F3CCBD991 /* PDFExportService.swift in Sources */ = {isa = PBXBuildFile; fileRef = 95677F58978452CDC6E6726C /* PDFExportService.swift */; };
		ABC7752B394038A3A5A12D66 /* GrappleMacApp.swift in Sources */ = {isa = PBXBuildFile; fileRef = CFC8209F7FA8E55536E2C407 /* GrappleMacApp.swift */; };
		AF33F6B34212DC33564DCE0B /* ContentView.swift in Sources */ = {isa = PBXBuildFile; fileRef = AD35E1F2CC08917FF7849920 /* ContentView.swift */; };
		B0483AB43480DE5CBFE1F3BB /* GrappleSession.swift in Sources */ = {isa = PBXBuildFile; fileRef = C601831DDA7327BECFCEF176 /* GrappleSession.swift */; };
		B3159AD1C3B794C65917D950 /* GrappleApp.swift in Sources */ = {isa = PBXBuildFile; fileRef = 2634BF0C8A5C5C21E52F28A3 /* GrappleApp.swift */; };
		BECF84852F7B8F77E1F159A5 /* Citation.swift in Sources */ = {isa = PBXBuildFile; fileRef = DABF4519EE8B361021804E64 /* Citation.swift */; };
		BFDF8139B74357886BE2F64E /* SynthesisView.swift in Sources */ = {isa = PBXBuildFile; fileRef = 53D6C34F816D56A2DBC9F55F /* SynthesisView.swift */; };
		C30D06596F9437F3726ECE8C /* RebuttalView.swift in Sources */ = {isa = PBXBuildFile; fileRef = BC0726708E72CC748264CA69 /* RebuttalView.swift */; };
		C6B539AAC26A059869663AEE /* PDFExportService.swift in Sources */ = {isa = PBXBuildFile; fileRef = 95677F58978452CDC6E6726C /* PDFExportService.swift */; };
		CF33A694A898020E9DEC3FE8 /* CommunityService.swift in Sources */ = {isa = PBXBuildFile; fileRef = BA356DE17EE50C9EBB94704C /* CommunityService.swift */; };
		D35A37DC752C907EA0172BC0 /* AIService.swift in Sources */ = {isa = PBXBuildFile; fileRef = F1ABF4A4E1DAAB09A4D7A7F9 /* AIService.swift */; };
		D48688F3B121BE952D544C17 /* Synthesis.swift in Sources */ = {isa = PBXBuildFile; fileRef = 299D18F5A26E42742872973C /* Synthesis.swift */; };
		D5766DBF439272600D98B1E5 /* Rebuttal.swift in Sources */ = {isa = PBXBuildFile; fileRef = 3D79F9BD42D43322E2846540 /* Rebuttal.swift */; };
		D9222299D3AB5EEB467733C0 /* SpatialDebateStageView.swift in Sources */ = {isa = PBXBuildFile; fileRef = 66849D0812E8D98F782F9502 /* SpatialDebateStageView.swift */; };
		E17A102FD981B2993C8A4645 /* GrappleR11Service.swift in Sources */ = {isa = PBXBuildFile; fileRef = 320F08974D6425D780C93FE1 /* GrappleR11Service.swift */; };
		E2C0232033B4AED4CFABBB29 /* Synthesis.swift in Sources */ = {isa = PBXBuildFile; fileRef = 299D18F5A26E42742872973C /* Synthesis.swift */; };
		E3B16C749320EEBB746E402F /* CommunityView.swift in Sources */ = {isa = PBXBuildFile; fileRef = C78B42D9E01C0466885D8D99 /* CommunityView.swift */; };
		E447BF1849A6B0F1C1F28D78 /* iPadGrappleView.swift in Sources */ = {isa = PBXBuildFile; fileRef = 41723380DFFFB82700079A10 /* iPadGrappleView.swift */; };
		E8A28987F9A927D8616C98DD /* HistoryView.swift in Sources */ = {isa = PBXBuildFile; fileRef = 299F076501D058AEECD0E9ED /* HistoryView.swift */; };
		EBB398BD261DA9CACFA0E88B /* RetentionService.swift in Sources */ = {isa = PBXBuildFile; fileRef = 29E3CF3E60A79F4A3BD77C37 /* RetentionService.swift */; };
		EC66581541BE7008AFD0BBF7 /* CommunityView.swift in Sources */ = {isa = PBXBuildFile; fileRef = C78B42D9E01C0466885D8D99 /* CommunityView.swift */; };
		F123F4D574D57D9D6DD0605B /* GrappleEmptyIllustration.swift in Sources */ = {isa = PBXBuildFile; fileRef = 428385198DDB4EE9407DB69A /* GrappleEmptyIllustration.swift */; };
		F451CC880DC88432E39C73F0 /* Color+Hex.swift in Sources */ = {isa = PBXBuildFile; fileRef = B9015E654AA11D7D664CF013 /* Color+Hex.swift */; };
		FD6F81E5A03178D5381B87AC /* AIService.swift in Sources */ = {isa = PBXBuildFile; fileRef = F1ABF4A4E1DAAB09A4D7A7F9 /* AIService.swift */; };
/* End PBXBuildFile section */

/* Begin PBXFileReference section */
		044336F06045B5FA4BCEA442 /* InputView.swift */ = {isa = PBXFileReference; lastKnownFileType = sourcecode.swift; path = InputView.swift; sourceTree = "<group>"; };
		04D579ECFC893C0E936AA2A1 /* Grapple.app */ = {isa = PBXFileReference; includeInIndex = 0; lastKnownFileType = wrapper.application; path = Grapple.app; sourceTree = BUILT_PRODUCTS_DIR; };
		05FC93583C1E054C5079D9FD /* ShareSheet.swift */ = {isa = PBXFileReference; lastKnownFileType = sourcecode.swift; path = ShareSheet.swift; sourceTree = "<group>"; };
		069D6DAEDD67BA0D3B430877 /* GrappleTierManager.swift */ = {isa = PBXFileReference; lastKnownFileType = sourcecode.swift; path = GrappleTierManager.swift; sourceTree = "<group>"; };
		1520879FFF5BF4D1B2768DA3 /* MacGrappleFlowView.swift */ = {isa = PBXFileReference; lastKnownFileType = sourcecode.swift; path = MacGrappleFlowView.swift; sourceTree = "<group>"; };
		199C1529B6C5B2251E101E83 /* GrappleView.swift */ = {isa = PBXFileReference; lastKnownFileType = sourcecode.swift; path = GrappleView.swift; sourceTree = "<group>"; };
		2634BF0C8A5C5C21E52F28A3 /* GrappleApp.swift */ = {isa = PBXFileReference; lastKnownFileType = sourcecode.swift; path = GrappleApp.swift; sourceTree = "<group>"; };
		299D18F5A26E42742872973C /* Synthesis.swift */ = {isa = PBXFileReference; lastKnownFileType = sourcecode.swift; path = Synthesis.swift; sourceTree = "<group>"; };
		299F076501D058AEECD0E9ED /* HistoryView.swift */ = {isa = PBXFileReference; lastKnownFileType = sourcecode.swift; path = HistoryView.swift; sourceTree = "<group>"; };
		29E3CF3E60A79F4A3BD77C37 /* RetentionService.swift */ = {isa = PBXFileReference; lastKnownFileType = sourcecode.swift; path = RetentionService.swift; sourceTree = "<group>"; };
		2EF22529E6B68E95E697DCD7 /* CitationView.swift */ = {isa = PBXFileReference; lastKnownFileType = sourcecode.swift; path = CitationView.swift; sourceTree = "<group>"; };
		320F08974D6425D780C93FE1 /* GrappleR11Service.swift */ = {isa = PBXFileReference; lastKnownFileType = sourcecode.swift; path = GrappleR11Service.swift; sourceTree = "<group>"; };
		3B0BCC93F93C87C85A686084 /* GrappleMac.app */ = {isa = PBXFileReference; explicitFileType = wrapper.application; includeInIndex = 0; path = GrappleMac.app; sourceTree = BUILT_PRODUCTS_DIR; };
		3D79F9BD42D43322E2846540 /* Rebuttal.swift */ = {isa = PBXFileReference; lastKnownFileType = sourcecode.swift; path = Rebuttal.swift; sourceTree = "<group>"; };
		3EF6C78791EA675BE42BD719 /* RebuttalField.swift */ = {isa = PBXFileReference; lastKnownFileType = sourcecode.swift; path = RebuttalField.swift; sourceTree = "<group>"; };
		41723380DFFFB82700079A10 /* iPadGrappleView.swift */ = {isa = PBXFileReference; lastKnownFileType = sourcecode.swift; path = iPadGrappleView.swift; sourceTree = "<group>"; };
		428385198DDB4EE9407DB69A /* GrappleEmptyIllustration.swift */ = {isa = PBXFileReference; lastKnownFileType = sourcecode.swift; path = GrappleEmptyIllustration.swift; sourceTree = "<group>"; };
		4EDF8379A37B4DC930EC5C0A /* GrappleWatch.app */ = {isa = PBXFileReference; explicitFileType = wrapper.application; includeInIndex = 0; path = GrappleWatch.app; sourceTree = BUILT_PRODUCTS_DIR; };
		509C72F5F2AA5E4261CF81E1 /* SessionRow.swift */ = {isa = PBXFileReference; lastKnownFileType = sourcecode.swift; path = SessionRow.swift; sourceTree = "<group>"; };
		53D6C34F816D56A2DBC9F55F /* SynthesisView.swift */ = {isa = PBXFileReference; lastKnownFileType = sourcecode.swift; path = SynthesisView.swift; sourceTree = "<group>"; };
		66849D0812E8D98F782F9502 /* SpatialDebateStageView.swift */ = {isa = PBXFileReference; lastKnownFileType = sourcecode.swift; path = SpatialDebateStageView.swift; sourceTree = "<group>"; };
		693599075CD4F53DE8502E72 /* CounterArgument.swift */ = {isa = PBXFileReference; lastKnownFileType = sourcecode.swift; path = CounterArgument.swift; sourceTree = "<group>"; };
		6B62955A26772934398CF617 /* LoadingView.swift */ = {isa = PBXFileReference; lastKnownFileType = sourcecode.swift; path = LoadingView.swift; sourceTree = "<group>"; };
		7114BD17FBC5337742438C68 /* Assets.xcassets */ = {isa = PBXFileReference; lastKnownFileType = folder.assetcatalog; path = Assets.xcassets; sourceTree = "<group>"; };
		759BE074C4BB3D43A43C5CC3 /* Enums.swift */ = {isa = PBXFileReference; lastKnownFileType = sourcecode.swift; path = Enums.swift; sourceTree = "<group>"; };
		7DCD0DC1DC56CB24C7E0ECA8 /* WatchContentView.swift */ = {isa = PBXFileReference; lastKnownFileType = sourcecode.swift; path = WatchContentView.swift; sourceTree = "<group>"; };
		7E9835B19D0816957EA59528 /* TopicBadge.swift */ = {isa = PBXFileReference; lastKnownFileType = sourcecode.swift; path = TopicBadge.swift; sourceTree = "<group>"; };
		85428CDB159F89DC8E8AD7CE /* RealTimeFactCheckView.swift */ = {isa = PBXFileReference; lastKnownFileType = sourcecode.swift; path = RealTimeFactCheckView.swift; sourceTree = "<group>"; };
		894579C19865BB3EB4ECB570 /* SessionDetailView.swift */ = {isa = PBXFileReference; lastKnownFileType = sourcecode.swift; path = SessionDetailView.swift; sourceTree = "<group>"; };
		8D5D8D40404DBA360309F5AD /* DatabaseService.swift */ = {isa = PBXFileReference; lastKnownFileType = sourcecode.swift; path = DatabaseService.swift; sourceTree = "<group>"; };
		8E233C03832188F3E0D6D9F8 /* GrappleViewModel.swift */ = {isa = PBXFileReference; lastKnownFileType = sourcecode.swift; path = GrappleViewModel.swift; sourceTree = "<group>"; };
		8FC2F6F55B4B70CAED945520 /* GrappleWatchApp.swift */ = {isa = PBXFileReference; lastKnownFileType = sourcecode.swift; path = GrappleWatchApp.swift; sourceTree = "<group>"; };
		95677F58978452CDC6E6726C /* PDFExportService.swift */ = {isa = PBXFileReference; lastKnownFileType = sourcecode.swift; path = PDFExportService.swift; sourceTree = "<group>"; };
		9FB01CF77AF3DBE123098698 /* HistoryViewModel.swift */ = {isa = PBXFileReference; lastKnownFileType = sourcecode.swift; path = HistoryViewModel.swift; sourceTree = "<group>"; };
		AD35E1F2CC08917FF7849920 /* ContentView.swift */ = {isa = PBXFileReference; lastKnownFileType = sourcecode.swift; path = ContentView.swift; sourceTree = "<group>"; };
		B0B2C95F1E80992503F90DB3 /* AppleIntelligenceService.swift */ = {isa = PBXFileReference; lastKnownFileType = sourcecode.swift; path = AppleIntelligenceService.swift; sourceTree = "<group>"; };
		B9015E654AA11D7D664CF013 /* Color+Hex.swift */ = {isa = PBXFileReference; lastKnownFileType = sourcecode.swift; path = "Color+Hex.swift"; sourceTree = "<group>"; };
		BA356DE17EE50C9EBB94704C /* CommunityService.swift */ = {isa = PBXFileReference; lastKnownFileType = sourcecode.swift; path = CommunityService.swift; sourceTree = "<group>"; };
		BC0726708E72CC748264CA69 /* RebuttalView.swift */ = {isa = PBXFileReference; lastKnownFileType = sourcecode.swift; path = RebuttalView.swift; sourceTree = "<group>"; };
		C578835B6A63C6933DC9665F /* SessionListView.swift */ = {isa = PBXFileReference; lastKnownFileType = sourcecode.swift; path = SessionListView.swift; sourceTree = "<group>"; };
		C601831DDA7327BECFCEF176 /* GrappleSession.swift */ = {isa = PBXFileReference; lastKnownFileType = sourcecode.swift; path = GrappleSession.swift; sourceTree = "<group>"; };
		C78B42D9E01C0466885D8D99 /* CommunityView.swift */ = {isa = PBXFileReference; lastKnownFileType = sourcecode.swift; path = CommunityView.swift; sourceTree = "<group>"; };
		CFC8209F7FA8E55536E2C407 /* GrappleMacApp.swift */ = {isa = PBXFileReference; lastKnownFileType = sourcecode.swift; path = GrappleMacApp.swift; sourceTree = "<group>"; };
		DA710AAA39E0B772F0E0EDF5 /* CommunityViewModel.swift */ = {isa = PBXFileReference; lastKnownFileType = sourcecode.swift; path = CommunityViewModel.swift; sourceTree = "<group>"; };
		DABF4519EE8B361021804E64 /* Citation.swift */ = {isa = PBXFileReference; lastKnownFileType = sourcecode.swift; path = Citation.swift; sourceTree = "<group>"; };
		DD9C4382D93012C73C51A32E /* MacContentView.swift */ = {isa = PBXFileReference; lastKnownFileType = sourcecode.swift; path = MacContentView.swift; sourceTree = "<group>"; };
		F11B0C036010D66F38C51FCA /* Community.swift */ = {isa = PBXFileReference; lastKnownFileType = sourcecode.swift; path = Community.swift; sourceTree = "<group>"; };
		F1ABF4A4E1DAAB09A4D7A7F9 /* AIService.swift */ = {isa = PBXFileReference; lastKnownFileType = sourcecode.swift; path = AIService.swift; sourceTree = "<group>"; };
		F92B13D166C24984ACC87FF3 /* ArgumentCard.swift */ = {isa = PBXFileReference; lastKnownFileType = sourcecode.swift; path = ArgumentCard.swift; sourceTree = "<group>"; };
		FB6EA925B9F27CE7A4416BA9 /* Platform.swift */ = {isa = PBXFileReference; lastKnownFileType = sourcecode.swift; path = Platform.swift; sourceTree = "<group>"; };
/* End PBXFileReference section */

/* Begin PBXFrameworksBuildPhase section */
		A9A20E478F56F8B18526D70A /* Frameworks */ = {
			isa = PBXFrameworksBuildPhase;
			buildActionMask = 2147483647;
			files = (
				5F8BA30144DEBC0237AECD67 /* SQLite in Frameworks */,
			);
			runOnlyForDeploymentPostprocessing = 0;
		};
		E219F9F9D384E6683074C42C /* Frameworks */ = {
			isa = PBXFrameworksBuildPhase;
			buildActionMask = 2147483647;
			files = (
				2452F97489A194477D304318 /* SQLite in Frameworks */,
			);
			runOnlyForDeploymentPostprocessing = 0;
		};
/* End PBXFrameworksBuildPhase section */

/* Begin PBXGroup section */
		1135E7D7ABE422F52A904B81 /* iPad */ = {
			isa = PBXGroup;
			children = (
				41723380DFFFB82700079A10 /* iPadGrappleView.swift */,
			);
			path = iPad;
			sourceTree = "<group>";
		};
		44943EC6DA43A3C9E7D1010B /* Services */ = {
			isa = PBXGroup;
			children = (
				F1ABF4A4E1DAAB09A4D7A7F9 /* AIService.swift */,
				B0B2C95F1E80992503F90DB3 /* AppleIntelligenceService.swift */,
				BA356DE17EE50C9EBB94704C /* CommunityService.swift */,
				8D5D8D40404DBA360309F5AD /* DatabaseService.swift */,
				320F08974D6425D780C93FE1 /* GrappleR11Service.swift */,
				069D6DAEDD67BA0D3B430877 /* GrappleTierManager.swift */,
				95677F58978452CDC6E6726C /* PDFExportService.swift */,
				29E3CF3E60A79F4A3BD77C37 /* RetentionService.swift */,
			);
			path = Services;
			sourceTree = "<group>";
		};
		4C1A6851978DFCAE4124C02B /* NewSession */ = {
			isa = PBXGroup;
			children = (
				199C1529B6C5B2251E101E83 /* GrappleView.swift */,
				044336F06045B5FA4BCEA442 /* InputView.swift */,
				BC0726708E72CC748264CA69 /* RebuttalView.swift */,
				53D6C34F816D56A2DBC9F55F /* SynthesisView.swift */,
			);
			path = NewSession;
			sourceTree = "<group>";
		};
		6435299DEDE2BBE1B37689C6 /* Resources */ = {
			isa = PBXGroup;
			children = (
				7114BD17FBC5337742438C68 /* Assets.xcassets */,
			);
			path = Resources;
			sourceTree = "<group>";
		};
		77074FAFD629A85427554354 /* Extensions */ = {
			isa = PBXGroup;
			children = (
				B9015E654AA11D7D664CF013 /* Color+Hex.swift */,
				FB6EA925B9F27CE7A4416BA9 /* Platform.swift */,
			);
			path = Extensions;
			sourceTree = "<group>";
		};
		8733D869A87AA109125ACA57 /* Models */ = {
			isa = PBXGroup;
			children = (
				DABF4519EE8B361021804E64 /* Citation.swift */,
				F11B0C036010D66F38C51FCA /* Community.swift */,
				693599075CD4F53DE8502E72 /* CounterArgument.swift */,
				759BE074C4BB3D43A43C5CC3 /* Enums.swift */,
				C601831DDA7327BECFCEF176 /* GrappleSession.swift */,
				3D79F9BD42D43322E2846540 /* Rebuttal.swift */,
				299D18F5A26E42742872973C /* Synthesis.swift */,
			);
			path = Models;
			sourceTree = "<group>";
		};
		A047AD3FF880B7BE11FCDE17 /* Community */ = {
			isa = PBXGroup;
			children = (
				C78B42D9E01C0466885D8D99 /* CommunityView.swift */,
			);
			path = Community;
			sourceTree = "<group>";
		};
		C4C0654021D031126E5B41BC /* Components */ = {
			isa = PBXGroup;
			children = (
				F92B13D166C24984ACC87FF3 /* ArgumentCard.swift */,
				2EF22529E6B68E95E697DCD7 /* CitationView.swift */,
				428385198DDB4EE9407DB69A /* GrappleEmptyIllustration.swift */,
				6B62955A26772934398CF617 /* LoadingView.swift */,
				85428CDB159F89DC8E8AD7CE /* RealTimeFactCheckView.swift */,
				3EF6C78791EA675BE42BD719 /* RebuttalField.swift */,
				509C72F5F2AA5E4261CF81E1 /* SessionRow.swift */,
				05FC93583C1E054C5079D9FD /* ShareSheet.swift */,
				7E9835B19D0816957EA59528 /* TopicBadge.swift */,
			);
			path = Components;
			sourceTree = "<group>";
		};
		C511CFB80948765B9F0E99B6 /* Components */ = {
			isa = PBXGroup;
			children = (
			);
			path = Components;
			sourceTree = "<group>";
		};
		CDEE8BD82A9878CA8A6632D5 /* MacSources */ = {
			isa = PBXGroup;
			children = (
				CFC8209F7FA8E55536E2C407 /* GrappleMacApp.swift */,
				DD9C4382D93012C73C51A32E /* MacContentView.swift */,
				1520879FFF5BF4D1B2768DA3 /* MacGrappleFlowView.swift */,
			);
			path = MacSources;
			sourceTree = "<group>";
		};
		CE1A609664EB1AC13A10482B /* History */ = {
			isa = PBXGroup;
			children = (
				299F076501D058AEECD0E9ED /* HistoryView.swift */,
				894579C19865BB3EB4ECB570 /* SessionDetailView.swift */,
				C578835B6A63C6933DC9665F /* SessionListView.swift */,
			);
			path = History;
			sourceTree = "<group>";
		};
		CE98FADAACE47EC279752337 /* Views */ = {
			isa = PBXGroup;
			children = (
				A047AD3FF880B7BE11FCDE17 /* Community */,
				C511CFB80948765B9F0E99B6 /* Components */,
				CE1A609664EB1AC13A10482B /* History */,
				1135E7D7ABE422F52A904B81 /* iPad */,
				4C1A6851978DFCAE4124C02B /* NewSession */,
				AD35E1F2CC08917FF7849920 /* ContentView.swift */,
				66849D0812E8D98F782F9502 /* SpatialDebateStageView.swift */,
			);
			path = Views;
			sourceTree = "<group>";
		};
		D05B8BA0DA48A5BF0B799A25 /* Sources */ = {
			isa = PBXGroup;
			children = (
				C4C0654021D031126E5B41BC /* Components */,
				77074FAFD629A85427554354 /* Extensions */,
				8733D869A87AA109125ACA57 /* Models */,
				44943EC6DA43A3C9E7D1010B /* Services */,
				F7DBBA23E1A369227BED3991 /* ViewModels */,
				CE98FADAACE47EC279752337 /* Views */,
				2634BF0C8A5C5C21E52F28A3 /* GrappleApp.swift */,
			);
			path = Sources;
			sourceTree = "<group>";
		};
		E24F58D62B855EAC68F27FDA = {
			isa = PBXGroup;
			children = (
				CDEE8BD82A9878CA8A6632D5 /* MacSources */,
				6435299DEDE2BBE1B37689C6 /* Resources */,
				D05B8BA0DA48A5BF0B799A25 /* Sources */,
				F048EF7435917D7FD6547536 /* WatchSources */,
				F1E543407E22DD76AFC072D4 /* Products */,
			);
			sourceTree = "<group>";
		};
		F048EF7435917D7FD6547536 /* WatchSources */ = {
			isa = PBXGroup;
			children = (
				8FC2F6F55B4B70CAED945520 /* GrappleWatchApp.swift */,
				7DCD0DC1DC56CB24C7E0ECA8 /* WatchContentView.swift */,
			);
			path = WatchSources;
			sourceTree = "<group>";
		};
		F1E543407E22DD76AFC072D4 /* Products */ = {
			isa = PBXGroup;
			children = (
				04D579ECFC893C0E936AA2A1 /* Grapple.app */,
				3B0BCC93F93C87C85A686084 /* GrappleMac.app */,
				4EDF8379A37B4DC930EC5C0A /* GrappleWatch.app */,
			);
			name = Products;
			sourceTree = "<group>";
		};
		F7DBBA23E1A369227BED3991 /* ViewModels */ = {
			isa = PBXGroup;
			children = (
				DA710AAA39E0B772F0E0EDF5 /* CommunityViewModel.swift */,
				8E233C03832188F3E0D6D9F8 /* GrappleViewModel.swift */,
				9FB01CF77AF3DBE123098698 /* HistoryViewModel.swift */,
			);
			path = ViewModels;
			sourceTree = "<group>";
		};
/* End PBXGroup section */

/* Begin PBXNativeTarget section */
		1681AE83AFC27B6B8AF35DF5 /* Grapple */ = {
			isa = PBXNativeTarget;
			buildConfigurationList = 7DD2679B2009E19246D2DE93 /* Build configuration list for PBXNativeTarget "Grapple" */;
			buildPhases = (
				8E6BD6706BA1E71702C65A64 /* Sources */,
				25681E28DEFC8A82E1C8C75F /* Resources */,
				A9A20E478F56F8B18526D70A /* Frameworks */,
			);
			buildRules = (
			);
			dependencies = (
			);
			name = Grapple;
			packageProductDependencies = (
				150605141C5788D0F8E186C6 /* SQLite */,
			);
			productName = Grapple;
			productReference = 04D579ECFC893C0E936AA2A1 /* Grapple.app */;
			productType = "com.apple.product-type.application";
		};
		560144427B0DDB9E335DFBEC /* GrappleMac */ = {
			isa = PBXNativeTarget;
			buildConfigurationList = 83519D6AFC6E3483F5AEB19D /* Build configuration list for PBXNativeTarget "GrappleMac" */;
			buildPhases = (
				DF21015B06EB89CEFCE60792 /* Sources */,
				E219F9F9D384E6683074C42C /* Frameworks */,
			);
			buildRules = (
			);
			dependencies = (
			);
			name = GrappleMac;
			packageProductDependencies = (
				3ACE5D6D9B8C9B29F65E8482 /* SQLite */,
			);
			productName = GrappleMac;
			productReference = 3B0BCC93F93C87C85A686084 /* GrappleMac.app */;
			productType = "com.apple.product-type.application";
		};
		E0A46FD81F5FA8FE6EE34F4F /* GrappleWatch */ = {
			isa = PBXNativeTarget;
			buildConfigurationList = 02D654A8E4C47C2426B64AE4 /* Build configuration list for PBXNativeTarget "GrappleWatch" */;
			buildPhases = (
				861D1A18487A2507F3C70060 /* Sources */,
			);
			buildRules = (
			);
			dependencies = (
			);
			name = GrappleWatch;
			productName = GrappleWatch;
			productReference = 4EDF8379A37B4DC930EC5C0A /* GrappleWatch.app */;
			productType = "com.apple.product-type.application";
		};
/* End PBXNativeTarget section */

/* Begin PBXProject section */
		8B2928EE4789CD25E5B28BB5 /* Project object */ = {
			isa = PBXProject;
			attributes = {
				BuildIndependentTargetsInParallel = YES;
				LastUpgradeCheck = 1600;
				TargetAttributes = {
					1681AE83AFC27B6B8AF35DF5 = {
						DevelopmentTeam = "";
						ProvisioningStyle = Automatic;
					};
					560144427B0DDB9E335DFBEC = {
						DevelopmentTeam = "";
						ProvisioningStyle = Automatic;
					};
					E0A46FD81F5FA8FE6EE34F4F = {
						DevelopmentTeam = "";
						ProvisioningStyle = Automatic;
					};
				};
			};
			buildConfigurationList = 57E6E82D548FE664B414A6BE /* Build configuration list for PBXProject "Grapple" */;
			compatibilityVersion = "Xcode 14.0";
			developmentRegion = en;
			hasScannedForEncodings = 0;
			knownRegions = (
				Base,
				en,
			);
			mainGroup = E24F58D62B855EAC68F27FDA;
			packageReferences = (
				A1A8E683CEF3A986D7E55211 /* XCRemoteSwiftPackageReference "SQLite.swift" */,
			);
			projectDirPath = "";
			projectRoot = "";
			targets = (
				1681AE83AFC27B6B8AF35DF5 /* Grapple */,
				560144427B0DDB9E335DFBEC /* GrappleMac */,
				E0A46FD81F5FA8FE6EE34F4F /* GrappleWatch */,
			);
		};
/* End PBXProject section */

/* Begin PBXResourcesBuildPhase section */
		25681E28DEFC8A82E1C8C75F /* Resources */ = {
			isa = PBXResourcesBuildPhase;
			buildActionMask = 2147483647;
			files = (
				4942E69F6EA08ECE8E6A81A9 /* Assets.xcassets in Resources */,
			);
			runOnlyForDeploymentPostprocessing = 0;
		};
/* End PBXResourcesBuildPhase section */

/* Begin PBXSourcesBuildPhase section */
		861D1A18487A2507F3C70060 /* Sources */ = {
			isa = PBXSourcesBuildPhase;
			buildActionMask = 2147483647;
			files = (
				23556CEF8E4872A82294132B /* GrappleWatchApp.swift in Sources */,
				26BF4EEFD51AE7CE539FF4E6 /* WatchContentView.swift in Sources */,
			);
			runOnlyForDeploymentPostprocessing = 0;
		};
		8E6BD6706BA1E71702C65A64 /* Sources */ = {
			isa = PBXSourcesBuildPhase;
			buildActionMask = 2147483647;
			files = (
				D35A37DC752C907EA0172BC0 /* AIService.swift in Sources */,
				4972F3147CFC941074A61326 /* AppleIntelligenceService.swift in Sources */,
				1DE9A8272E86B5E9F6E15E74 /* ArgumentCard.swift in Sources */,
				A2B6AAABD3B219ADF1D93395 /* Citation.swift in Sources */,
				4A707F7A8756F0CC0744CE99 /* CitationView.swift in Sources */,
				F451CC880DC88432E39C73F0 /* Color+Hex.swift in Sources */,
				9F0A6A41366D8FD3B3BA22A0 /* Community.swift in Sources */,
				CF33A694A898020E9DEC3FE8 /* CommunityService.swift in Sources */,
				EC66581541BE7008AFD0BBF7 /* CommunityView.swift in Sources */,
				9E825312970DFD8F7A2B0357 /* CommunityViewModel.swift in Sources */,
				AF33F6B34212DC33564DCE0B /* ContentView.swift in Sources */,
				72D6B628C541AE29229BF8DC /* CounterArgument.swift in Sources */,
				348F6B6DEA280ADFC662034A /* DatabaseService.swift in Sources */,
				4C5AFB5F26CB244D4FAD33E7 /* Enums.swift in Sources */,
				1B72BF022CF35E6C61DCD758 /* GrappleApp.swift in Sources */,
				F123F4D574D57D9D6DD0605B /* GrappleEmptyIllustration.swift in Sources */,
				15D3EE9F1BA9B2CEE785E00D /* GrappleR11Service.swift in Sources */,
				B0483AB43480DE5CBFE1F3BB /* GrappleSession.swift in Sources */,
				60994186E9287EBAAE054C5E /* GrappleTierManager.swift in Sources */,
				9700AF86E8E650373B998DBD /* GrappleView.swift in Sources */,
				2301E522F18DE5A794290F92 /* GrappleViewModel.swift in Sources */,
				E8A28987F9A927D8616C98DD /* HistoryView.swift in Sources */,
				894EA3BAF09926611D6D831F /* HistoryViewModel.swift in Sources */,
				9016A9690972298E19489D5D /* InputView.swift in Sources */,
				839F54FD9A48549081169E88 /* LoadingView.swift in Sources */,
				C6B539AAC26A059869663AEE /* PDFExportService.swift in Sources */,
				3E31881DF3212C8EBED07A86 /* Platform.swift in Sources */,
				84B02702410F87F8E372330F /* RealTimeFactCheckView.swift in Sources */,
				9697D5803FC3A2FCCDC80401 /* Rebuttal.swift in Sources */,
				1B7104ECA5126B2AB45A8208 /* RebuttalField.swift in Sources */,
				C30D06596F9437F3726ECE8C /* RebuttalView.swift in Sources */,
				23E708BDA8E1EE9923866A78 /* RetentionService.swift in Sources */,
				38CEF9ABB2E2E4E921213BA5 /* SessionDetailView.swift in Sources */,
				A2EF197A06D1E07D05E1961D /* SessionListView.swift in Sources */,
				101FCAA249B76AEA1C503979 /* SessionRow.swift in Sources */,
				2722777C6CB92732A30693C1 /* ShareSheet.swift in Sources */,
				6F950102BDA5EE20AAD6726E /* SpatialDebateStageView.swift in Sources */,
				D48688F3B121BE952D544C17 /* Synthesis.swift in Sources */,
				BFDF8139B74357886BE2F64E /* SynthesisView.swift in Sources */,
				7AE33235480E78AF59C90E59 /* TopicBadge.swift in Sources */,
				E447BF1849A6B0F1C1F28D78 /* iPadGrappleView.swift in Sources */,
			);
			runOnlyForDeploymentPostprocessing = 0;
		};
		DF21015B06EB89CEFCE60792 /* Sources */ = {
			isa = PBXSourcesBuildPhase;
			buildActionMask = 2147483647;
			files = (
				FD6F81E5A03178D5381B87AC /* AIService.swift in Sources */,
				39E423A13DE6F9EACD7F0943 /* AppleIntelligenceService.swift in Sources */,
				BECF84852F7B8F77E1F159A5 /* Citation.swift in Sources */,
				25394F727782E8A1D467DF63 /* Color+Hex.swift in Sources */,
				354D07AD6F8FCE858B580A3F /* Community.swift in Sources */,
				164F9A2B60135E5244717B65 /* CommunityService.swift in Sources */,
				E3B16C749320EEBB746E402F /* CommunityView.swift in Sources */,
				526ABB8168668140752E0D12 /* CommunityViewModel.swift in Sources */,
				931C59AF78388A3A0AAEEFA1 /* CounterArgument.swift in Sources */,
				A908AFCED1A8CE0FE0450E64 /* DatabaseService.swift in Sources */,
				39B6798F57ECB0FBBBE74F1D /* Enums.swift in Sources */,
				B3159AD1C3B794C65917D950 /* GrappleApp.swift in Sources */,
				ABC7752B394038A3A5A12D66 /* GrappleMacApp.swift in Sources */,
				E17A102FD981B2993C8A4645 /* GrappleR11Service.swift in Sources */,
				08A9F4773F9D428C357018B4 /* GrappleSession.swift in Sources */,
				8FBFFD630BD2847D0DC74BFE /* GrappleTierManager.swift in Sources */,
				3BE15ACC8E312509E26EC2BD /* GrappleViewModel.swift in Sources */,
				1C7B9932E5A4BD367F7693D1 /* HistoryViewModel.swift in Sources */,
				81277AA3E41854B449E7FF94 /* MacContentView.swift in Sources */,
				54DCB49432C37CF0448C8F1D /* MacGrappleFlowView.swift in Sources */,
				AA14330A705B8D0F3CCBD991 /* PDFExportService.swift in Sources */,
				699688CEE1B8A5F7905790DE /* Platform.swift in Sources */,
				D5766DBF439272600D98B1E5 /* Rebuttal.swift in Sources */,
				EBB398BD261DA9CACFA0E88B /* RetentionService.swift in Sources */,
				D9222299D3AB5EEB467733C0 /* SpatialDebateStageView.swift in Sources */,
				E2C0232033B4AED4CFABBB29 /* Synthesis.swift in Sources */,
			);
			runOnlyForDeploymentPostprocessing = 0;
		};
/* End PBXSourcesBuildPhase section */

/* Begin XCBuildConfiguration section */
		0FB99A1F2A34FEDCF4F4A402 /* Release */ = {
			isa = XCBuildConfiguration;
			buildSettings = {
				ALWAYS_SEARCH_USER_PATHS = NO;
				CLANG_ANALYZER_NONNULL = YES;
				CLANG_ANALYZER_NUMBER_OBJECT_CONVERSION = YES_AGGRESSIVE;
				CLANG_CXX_LANGUAGE_STANDARD = "gnu++14";
				CLANG_CXX_LIBRARY = "libc++";
				CLANG_ENABLE_MODULES = YES;
				CLANG_ENABLE_OBJC_ARC = YES;
				CLANG_ENABLE_OBJC_WEAK = YES;
				CLANG_WARN_BLOCK_CAPTURE_AUTORELEASING = YES;
				CLANG_WARN_BOOL_CONVERSION = YES;
				CLANG_WARN_COMMA = YES;
				CLANG_WARN_CONSTANT_CONVERSION = YES;
				CLANG_WARN_DEPRECATED_OBJC_IMPLEMENTATIONS = YES;
				CLANG_WARN_DIRECT_OBJC_ISA_USAGE = YES_ERROR;
				CLANG_WARN_DOCUMENTATION_COMMENTS = YES;
				CLANG_WARN_EMPTY_BODY = YES;
				CLANG_WARN_ENUM_CONVERSION = YES;
				CLANG_WARN_INFINITE_RECURSION = YES;
				CLANG_WARN_INT_CONVERSION = YES;
				CLANG_WARN_NON_LITERAL_NULL_CONVERSION = YES;
				CLANG_WARN_OBJC_IMPLICIT_RETAIN_SELF = YES;
				CLANG_WARN_OBJC_LITERAL_CONVERSION = YES;
				CLANG_WARN_OBJC_ROOT_CLASS = YES_ERROR;
				CLANG_WARN_QUOTED_INCLUDE_IN_FRAMEWORK_HEADER = YES;
				CLANG_WARN_RANGE_LOOP_ANALYSIS = YES;
				CLANG_WARN_STRICT_PROTOTYPES = YES;
				CLANG_WARN_SUSPICIOUS_MOVE = YES;
				CLANG_WARN_UNGUARDED_AVAILABILITY = YES_AGGRESSIVE;
				CLANG_WARN_UNREACHABLE_CODE = YES;
				CLANG_WARN__DUPLICATE_METHOD_MATCH = YES;
				CODE_SIGN_STYLE = Automatic;
				COPY_PHASE_STRIP = NO;
				CURRENT_PROJECT_VERSION = 1;
				DEBUG_INFORMATION_FORMAT = "dwarf-with-dsym";
				DEVELOPMENT_TEAM = "";
				ENABLE_NS_ASSERTIONS = NO;
				ENABLE_STRICT_OBJC_MSGSEND = YES;
				ENABLE_USER_SCRIPT_SANDBOXING = NO;
				GCC_C_LANGUAGE_STANDARD = gnu11;
				GCC_NO_COMMON_BLOCKS = YES;
				GCC_WARN_64_TO_32_BIT_CONVERSION = YES;
				GCC_WARN_ABOUT_RETURN_TYPE = YES_ERROR;
				GCC_WARN_UNDECLARED_SELECTOR = YES;
				GCC_WARN_UNINITIALIZED_AUTOS = YES_AGGRESSIVE;
				GCC_WARN_UNUSED_FUNCTION = YES;
				GCC_WARN_UNUSED_VARIABLE = YES;
				IPHONEOS_DEPLOYMENT_TARGET = 26.0;
				MARKETING_VERSION = 1.0.0;
				MTL_ENABLE_DEBUG_INFO = NO;
				MTL_FAST_MATH = YES;
				PRODUCT_NAME = "$(TARGET_NAME)";
				SWIFT_COMPILATION_MODE = wholemodule;
				SWIFT_OPTIMIZATION_LEVEL = "-O";
				SWIFT_VERSION = 6.0;
			};
			name = Release;
		};
		48E1C1197F216AA114BA67E1 /* Debug */ = {
			isa = XCBuildConfiguration;
			buildSettings = {
				ALWAYS_SEARCH_USER_PATHS = NO;
				CLANG_ANALYZER_NONNULL = YES;
				CLANG_ANALYZER_NUMBER_OBJECT_CONVERSION = YES_AGGRESSIVE;
				CLANG_CXX_LANGUAGE_STANDARD = "gnu++14";
				CLANG_CXX_LIBRARY = "libc++";
				CLANG_ENABLE_MODULES = YES;
				CLANG_ENABLE_OBJC_ARC = YES;
				CLANG_ENABLE_OBJC_WEAK = YES;
				CLANG_WARN_BLOCK_CAPTURE_AUTORELEASING = YES;
				CLANG_WARN_BOOL_CONVERSION = YES;
				CLANG_WARN_COMMA = YES;
				CLANG_WARN_CONSTANT_CONVERSION = YES;
				CLANG_WARN_DEPRECATED_OBJC_IMPLEMENTATIONS = YES;
				CLANG_WARN_DIRECT_OBJC_ISA_USAGE = YES_ERROR;
				CLANG_WARN_DOCUMENTATION_COMMENTS = YES;
				CLANG_WARN_EMPTY_BODY = YES;
				CLANG_WARN_ENUM_CONVERSION = YES;
				CLANG_WARN_INFINITE_RECURSION = YES;
				CLANG_WARN_INT_CONVERSION = YES;
				CLANG_WARN_NON_LITERAL_NULL_CONVERSION = YES;
				CLANG_WARN_OBJC_IMPLICIT_RETAIN_SELF = YES;
				CLANG_WARN_OBJC_LITERAL_CONVERSION = YES;
				CLANG_WARN_OBJC_ROOT_CLASS = YES_ERROR;
				CLANG_WARN_QUOTED_INCLUDE_IN_FRAMEWORK_HEADER = YES;
				CLANG_WARN_RANGE_LOOP_ANALYSIS = YES;
				CLANG_WARN_STRICT_PROTOTYPES = YES;
				CLANG_WARN_SUSPICIOUS_MOVE = YES;
				CLANG_WARN_UNGUARDED_AVAILABILITY = YES_AGGRESSIVE;
				CLANG_WARN_UNREACHABLE_CODE = YES;
				CLANG_WARN__DUPLICATE_METHOD_MATCH = YES;
				CODE_SIGN_STYLE = Automatic;
				COPY_PHASE_STRIP = NO;
				CURRENT_PROJECT_VERSION = 1;
				DEBUG_INFORMATION_FORMAT = dwarf;
				DEVELOPMENT_TEAM = "";
				ENABLE_STRICT_OBJC_MSGSEND = YES;
				ENABLE_TESTABILITY = YES;
				ENABLE_USER_SCRIPT_SANDBOXING = NO;
				GCC_C_LANGUAGE_STANDARD = gnu11;
				GCC_DYNAMIC_NO_PIC = NO;
				GCC_NO_COMMON_BLOCKS = YES;
				GCC_OPTIMIZATION_LEVEL = 0;
				GCC_PREPROCESSOR_DEFINITIONS = (
					"$(inherited)",
					"DEBUG=1",
				);
				GCC_WARN_64_TO_32_BIT_CONVERSION = YES;
				GCC_WARN_ABOUT_RETURN_TYPE = YES_ERROR;
				GCC_WARN_UNDECLARED_SELECTOR = YES;
				GCC_WARN_UNINITIALIZED_AUTOS = YES_AGGRESSIVE;
				GCC_WARN_UNUSED_FUNCTION = YES;
				GCC_WARN_UNUSED_VARIABLE = YES;
				IPHONEOS_DEPLOYMENT_TARGET = 26.0;
				MARKETING_VERSION = 1.0.0;
				MTL_ENABLE_DEBUG_INFO = INCLUDE_SOURCE;
				MTL_FAST_MATH = YES;
				ONLY_ACTIVE_ARCH = YES;
				PRODUCT_NAME = "$(TARGET_NAME)";
				SWIFT_ACTIVE_COMPILATION_CONDITIONS = DEBUG;
				SWIFT_OPTIMIZATION_LEVEL = "-Onone";
				SWIFT_VERSION = 6.0;
			};
			name = Debug;
		};
		5A7F22264AF0F5666ADD7F95 /* Debug */ = {
			isa = XCBuildConfiguration;
			buildSettings = {
				ASSETCATALOG_COMPILER_APPICON_NAME = AppIcon;
				ASSETCATALOG_COMPILER_GLOBAL_ACCENT_COLOR_NAME = AccentColor;
				CODE_SIGN_IDENTITY = "-";
				CODE_SIGN_STYLE = Automatic;
				COMBINE_HIDPI_IMAGES = YES;
				GENERATE_INFOPLIST_FILE = YES;
				INFOPLIST_KEY_CFBundleDisplayName = Grapple;
				INFOPLIST_KEY_UIApplicationSceneManifest_Generation = YES;
				INFOPLIST_KEY_UILaunchScreen_Generation = YES;
				LD_RUNPATH_SEARCH_PATHS = (
					"$(inherited)",
					"@executable_path/../Frameworks",
				);
				PRODUCT_BUNDLE_IDENTIFIER = com.timtamtom7.grapple.mac;
				SDKROOT = macosx;
				SWIFT_VERSION = 6.0;
				TARGETED_DEVICE_FAMILY = 2;
			};
			name = Debug;
		};
		5D401DFD34B8E3C8D5A6DC36 /* Release */ = {
			isa = XCBuildConfiguration;
			buildSettings = {
				ASSETCATALOG_COMPILER_APPICON_NAME = AppIcon;
				ASSETCATALOG_COMPILER_GLOBAL_ACCENT_COLOR_NAME = AccentColor;
				CODE_SIGN_IDENTITY = "iPhone Developer";
				GENERATE_INFOPLIST_FILE = YES;
				INFOPLIST_KEY_CFBundleDisplayName = Grapple;
				INFOPLIST_KEY_NSMicrophoneUsageDescription = "Grapple uses the microphone for voice input.";
				INFOPLIST_KEY_NSSiriUsageDescription = "Grapple uses Siri to process your requests.";
				INFOPLIST_KEY_NSSpeechRecognitionUsageDescription = "Grapple uses speech recognition to transcribe your voice.";
				INFOPLIST_KEY_UIApplicationSceneManifest_Generation = YES;
				INFOPLIST_KEY_UILaunchScreen_Generation = YES;
				INFOPLIST_KEY_UISupportedInterfaceOrientations = UIInterfaceOrientationPortrait;
				LD_RUNPATH_SEARCH_PATHS = (
					"$(inherited)",
					"@executable_path/Frameworks",
				);
				PRODUCT_BUNDLE_IDENTIFIER = com.timtamtom7.grapple;
				SDKROOT = iphoneos;
				TARGETED_DEVICE_FAMILY = "1,2";
			};
			name = Release;
		};
		648C82C77BAB8BE136C88DD6 /* Release */ = {
			isa = XCBuildConfiguration;
			buildSettings = {
				ASSETCATALOG_COMPILER_APPICON_NAME = AppIcon;
				ASSETCATALOG_COMPILER_GLOBAL_ACCENT_COLOR_NAME = AccentColor;
				CODE_SIGN_IDENTITY = "-";
				CODE_SIGN_STYLE = Automatic;
				GENERATE_INFOPLIST_FILE = YES;
				INFOPLIST_KEY_CFBundleDisplayName = Grapple;
				INFOPLIST_KEY_WKCompanionAppBundleIdentifier = com.timtamtom7.grapple;
				INFOPLIST_KEY_WKRunsIndependentlyOfCompanionApp = YES;
				PRODUCT_BUNDLE_IDENTIFIER = com.timtamtom7.grapple.watchkitapp;
				SDKROOT = watchos;
				SKIP_INSTALL = YES;
				SWIFT_VERSION = 6.0;
				TARGETED_DEVICE_FAMILY = 4;
			};
			name = Release;
		};
		BB16B0D141F9F4BEA8CDE742 /* Debug */ = {
			isa = XCBuildConfiguration;
			buildSettings = {
				ASSETCATALOG_COMPILER_APPICON_NAME = AppIcon;
				ASSETCATALOG_COMPILER_GLOBAL_ACCENT_COLOR_NAME = AccentColor;
				CODE_SIGN_IDENTITY = "iPhone Developer";
				GENERATE_INFOPLIST_FILE = YES;
				INFOPLIST_KEY_CFBundleDisplayName = Grapple;
				INFOPLIST_KEY_NSMicrophoneUsageDescription = "Grapple uses the microphone for voice input.";
				INFOPLIST_KEY_NSSiriUsageDescription = "Grapple uses Siri to process your requests.";
				INFOPLIST_KEY_NSSpeechRecognitionUsageDescription = "Grapple uses speech recognition to transcribe your voice.";
				INFOPLIST_KEY_UIApplicationSceneManifest_Generation = YES;
				INFOPLIST_KEY_UILaunchScreen_Generation = YES;
				INFOPLIST_KEY_UISupportedInterfaceOrientations = UIInterfaceOrientationPortrait;
				LD_RUNPATH_SEARCH_PATHS = (
					"$(inherited)",
					"@executable_path/Frameworks",
				);
				PRODUCT_BUNDLE_IDENTIFIER = com.timtamtom7.grapple;
				SDKROOT = iphoneos;
				TARGETED_DEVICE_FAMILY = "1,2";
			};
			name = Debug;
		};
		EBB43F0F45ECA8274F62827A /* Debug */ = {
			isa = XCBuildConfiguration;
			buildSettings = {
				ASSETCATALOG_COMPILER_APPICON_NAME = AppIcon;
				ASSETCATALOG_COMPILER_GLOBAL_ACCENT_COLOR_NAME = AccentColor;
				CODE_SIGN_IDENTITY = "-";
				CODE_SIGN_STYLE = Automatic;
				GENERATE_INFOPLIST_FILE = YES;
				INFOPLIST_KEY_CFBundleDisplayName = Grapple;
				INFOPLIST_KEY_WKCompanionAppBundleIdentifier = com.timtamtom7.grapple;
				INFOPLIST_KEY_WKRunsIndependentlyOfCompanionApp = YES;
				PRODUCT_BUNDLE_IDENTIFIER = com.timtamtom7.grapple.watchkitapp;
				SDKROOT = watchos;
				SKIP_INSTALL = YES;
				SWIFT_VERSION = 6.0;
				TARGETED_DEVICE_FAMILY = 4;
			};
			name = Debug;
		};
		FD90ED69378FCF41AE0961D3 /* Release */ = {
			isa = XCBuildConfiguration;
			buildSettings = {
				ASSETCATALOG_COMPILER_APPICON_NAME = AppIcon;
				ASSETCATALOG_COMPILER_GLOBAL_ACCENT_COLOR_NAME = AccentColor;
				CODE_SIGN_IDENTITY = "-";
				CODE_SIGN_STYLE = Automatic;
				COMBINE_HIDPI_IMAGES = YES;
				GENERATE_INFOPLIST_FILE = YES;
				INFOPLIST_KEY_CFBundleDisplayName = Grapple;
				INFOPLIST_KEY_UIApplicationSceneManifest_Generation = YES;
				INFOPLIST_KEY_UILaunchScreen_Generation = YES;
				LD_RUNPATH_SEARCH_PATHS = (
					"$(inherited)",
					"@executable_path/../Frameworks",
				);
				PRODUCT_BUNDLE_IDENTIFIER = com.timtamtom7.grapple.mac;
				SDKROOT = macosx;
				SWIFT_VERSION = 6.0;
				TARGETED_DEVICE_FAMILY = 2;
			};
			name = Release;
		};
/* End XCBuildConfiguration section */

/* Begin XCConfigurationList section */
		02D654A8E4C47C2426B64AE4 /* Build configuration list for PBXNativeTarget "GrappleWatch" */ = {
			isa = XCConfigurationList;
			buildConfigurations = (
				EBB43F0F45ECA8274F62827A /* Debug */,
				648C82C77BAB8BE136C88DD6 /* Release */,
			);
			defaultConfigurationIsVisible = 0;
			defaultConfigurationName = Debug;
		};
		57E6E82D548FE664B414A6BE /* Build configuration list for PBXProject "Grapple" */ = {
			isa = XCConfigurationList;
			buildConfigurations = (
				48E1C1197F216AA114BA67E1 /* Debug */,
				0FB99A1F2A34FEDCF4F4A402 /* Release */,
			);
			defaultConfigurationIsVisible = 0;
			defaultConfigurationName = Debug;
		};
		7DD2679B2009E19246D2DE93 /* Build configuration list for PBXNativeTarget "Grapple" */ = {
			isa = XCConfigurationList;
			buildConfigurations = (
				BB16B0D141F9F4BEA8CDE742 /* Debug */,
				5D401DFD34B8E3C8D5A6DC36 /* Release */,
			);
			defaultConfigurationIsVisible = 0;
			defaultConfigurationName = Debug;
		};
		83519D6AFC6E3483F5AEB19D /* Build configuration list for PBXNativeTarget "GrappleMac" */ = {
			isa = XCConfigurationList;
			buildConfigurations = (
				5A7F22264AF0F5666ADD7F95 /* Debug */,
				FD90ED69378FCF41AE0961D3 /* Release */,
			);
			defaultConfigurationIsVisible = 0;
			defaultConfigurationName = Debug;
		};
/* End XCConfigurationList section */

/* Begin XCRemoteSwiftPackageReference section */
		A1A8E683CEF3A986D7E55211 /* XCRemoteSwiftPackageReference "SQLite.swift" */ = {
			isa = XCRemoteSwiftPackageReference;
			repositoryURL = "https://github.com/stephencelis/SQLite.swift";
			requirement = {
				kind = upToNextMajorVersion;
				minimumVersion = 0.15.0;
			};
		};
/* End XCRemoteSwiftPackageReference section */

/* Begin XCSwiftPackageProductDependency section */
		150605141C5788D0F8E186C6 /* SQLite */ = {
			isa = XCSwiftPackageProductDependency;
			package = A1A8E683CEF3A986D7E55211 /* XCRemoteSwiftPackageReference "SQLite.swift" */;
			productName = SQLite;
		};
		3ACE5D6D9B8C9B29F65E8482 /* SQLite */ = {
			isa = XCSwiftPackageProductDependency;
			package = A1A8E683CEF3A986D7E55211 /* XCRemoteSwiftPackageReference "SQLite.swift" */;
			productName = SQLite;
		};
/* End XCSwiftPackageProductDependency section */
	};
	rootObject = 8B2928EE4789CD25E5B28BB5 /* Project object */;
}
